
Microsoft Visual Studio Solution File, Format Version 12.00
# Visual Studio 14
VisualStudioVersion = 14.0.24720.0
MinimumVisualStudioVersion = 10.0.40219.1
Project("{FAE04EC0-301F-11D3-BF4B-00C04F79EFBC}") = "ProcessInvoker", "ProcessInvoker.csproj", "{125481D9-B809-4FFF-82C1-C3F0DD269305}"
EndProject
Global
	GlobalSection(SolutionConfigurationPlatforms) = preSolution
		Debug|Any CPU = Debug|Any CPU
		Release|Any CPU = Release|Any CPU
	EndGlobalSection
	GlobalSection(ProjectConfigurationPlatforms) = postSolution
		{125481D9-B809-4FFF-82C1-C3F0DD269305}.Debug|Any CPU.ActiveCfg = Debug|Any CPU
		{125481D9-B809-4FFF-82C1-C3F0DD269305}.Debug|Any CPU.Build.0 = Debug|Any CPU
		{125481D9-B809-4FFF-82C1-C3F0DD269305}.Release|Any CPU.ActiveCfg = Release|Any CPU
		{125481D9-B809-4FFF-82C1-C3F0DD269305}.Release|Any CPU.Build.0 = Release|Any CPU
	EndGlobalSection
	GlobalSection(SolutionProperties) = preSolution
		HideSolutionNode = FALSE
	EndGlobalSection
EndGlobal
